
Microsoft Visual Studio Solution File, Format Version 12.00
# Visual Studio 15
VisualStudioVersion = 15.0.27004.2002
MinimumVisualStudioVersion = 10.0.40219.1
Project("{FAE04EC0-301F-11D3-BF4B-00C04F79EFBC}") = "RegexTester", "RegexTester\RegexTester.csproj", "{1EB3A9A6-F926-4301-AC5C-29A8A34A091A}"
EndProject
Global
	GlobalSection(SolutionConfigurationPlatforms) = preSolution
		Debug|Any CPU = Debug|Any CPU
		Release|Any CPU = Release|Any CPU
	EndGlobalSection
	GlobalSection(ProjectConfigurationPlatforms) = postSolution
		{1EB3A9A6-F926-4301-AC5C-29A8A34A091A}.Debug|Any CPU.ActiveCfg = Debug|Any CPU
		{1EB3A9A6-F926-4301-AC5C-29A8A34A091A}.Debug|Any CPU.Build.0 = Debug|Any CPU
		{1EB3A9A6-F926-4301-AC5C-29A8A34A091A}.Release|Any CPU.ActiveCfg = Release|Any CPU
		{1EB3A9A6-F926-4301-AC5C-29A8A34A091A}.Release|Any CPU.Build.0 = Release|Any CPU
	EndGlobalSection
	GlobalSection(SolutionProperties) = preSolution
		HideSolutionNode = FALSE
	EndGlobalSection
	GlobalSection(ExtensibilityGlobals) = postSolution
		SolutionGuid = {016AA958-C2C7-4F4E-952D-035E6CE02DA3}
	EndGlobalSection
EndGlobal
